# This file is automatically @generated by Cargo.
# It is not intended for manual editing.
version = 4

[[package]]
name = "dango-esolang"
version = "0.9.0"
dependencies = [
 "dango_parser",
 "dango_runtime",
 "dango_utils",
]

[[package]]
name = "dango_parser"
version = "0.9.0"
dependencies = [
 "dango_runtime",
]

[[package]]
name = "dango_runtime"
version = "0.9.0"

[[package]]
name = "dango_utils"
version = "0.9.0"
dependencies = [
 "dango_parser",
 "dango_runtime",
]
